
Microsoft Visual Studio Solution File, Format Version 12.00
# Visual Studio Version 16
VisualStudioVersion = 16.0.31702.278
MinimumVisualStudioVersion = 10.0.40219.1
Project("{FAE04EC0-301F-11D3-BF4B-00C04F79EFBC}") = "Vraag1", "TST03\Vraag1.csproj", "{7D7F6A7B-A2CB-4D9F-BF81-0EE57EDA9871}"
EndProject
Project("{FAE04EC0-301F-11D3-BF4B-00C04F79EFBC}") = "Vraag2", "Vraag2\Vraag2.csproj", "{109495D8-75E0-4646-953A-0225E5DF6766}"
EndProject
Project("{FAE04EC0-301F-11D3-BF4B-00C04F79EFBC}") = "Vraag3", "Vraag3\Vraag3.csproj", "{4DBF5025-D493-4E28-8AF2-2DF176ECF3AA}"
EndProject
Global
	GlobalSection(SolutionConfigurationPlatforms) = preSolution
		Debug|Any CPU = Debug|Any CPU
		Release|Any CPU = Release|Any CPU
	EndGlobalSection
	GlobalSection(ProjectConfigurationPlatforms) = postSolution
		{7D7F6A7B-A2CB-4D9F-BF81-0EE57EDA9871}.Debug|Any CPU.ActiveCfg = Debug|Any CPU
		{7D7F6A7B-A2CB-4D9F-BF81-0EE57EDA9871}.Debug|Any CPU.Build.0 = Debug|Any CPU
		{7D7F6A7B-A2CB-4D9F-BF81-0EE57EDA9871}.Release|Any CPU.ActiveCfg = Release|Any CPU
		{7D7F6A7B-A2CB-4D9F-BF81-0EE57EDA9871}.Release|Any CPU.Build.0 = Release|Any CPU
		{109495D8-75E0-4646-953A-0225E5DF6766}.Debug|Any CPU.ActiveCfg = Debug|Any CPU
		{109495D8-75E0-4646-953A-0225E5DF6766}.Debug|Any CPU.Build.0 = Debug|Any CPU
		{109495D8-75E0-4646-953A-0225E5DF6766}.Release|Any CPU.ActiveCfg = Release|Any CPU
		{109495D8-75E0-4646-953A-0225E5DF6766}.Release|Any CPU.Build.0 = Release|Any CPU
		{4DBF5025-D493-4E28-8AF2-2DF176ECF3AA}.Debug|Any CPU.ActiveCfg = Debug|Any CPU
		{4DBF5025-D493-4E28-8AF2-2DF176ECF3AA}.Debug|Any CPU.Build.0 = Debug|Any CPU
		{4DBF5025-D493-4E28-8AF2-2DF176ECF3AA}.Release|Any CPU.ActiveCfg = Release|Any CPU
		{4DBF5025-D493-4E28-8AF2-2DF176ECF3AA}.Release|Any CPU.Build.0 = Release|Any CPU
	EndGlobalSection
	GlobalSection(SolutionProperties) = preSolution
		HideSolutionNode = FALSE
	EndGlobalSection
	GlobalSection(ExtensibilityGlobals) = postSolution
		SolutionGuid = {B933992A-28A1-4600-9970-F88A7637D85E}
	EndGlobalSection
EndGlobal
